
Microsoft Visual Studio Solution File, Format Version 12.00
# Visual Studio 15
VisualStudioVersion = 15.0.27428.2037
MinimumVisualStudioVersion = 10.0.40219.1
Project("{FAE04EC0-301F-11D3-BF4B-00C04F79EFBC}") = "FileBackupTool", "FileBackupTool.csproj", "{A853AB44-6BB1-4FEB-819A-8F6BF151B8E2}"
EndProject
Project("{FAE04EC0-301F-11D3-BF4B-00C04F79EFBC}") = "FileBackupTool.Tests", "..\FileBackupTool.Tests\FileBackupTool.Tests.csproj", "{6538A2BE-D64E-4675-8F11-9FB9706CB1D0}"
EndProject
Global
	GlobalSection(SolutionConfigurationPlatforms) = preSolution
		Debug|Any CPU = Debug|Any CPU
		Release|Any CPU = Release|Any CPU
	EndGlobalSection
	GlobalSection(ProjectConfigurationPlatforms) = postSolution
		{A853AB44-6BB1-4FEB-819A-8F6BF151B8E2}.Debug|Any CPU.ActiveCfg = Debug|Any CPU
		{A853AB44-6BB1-4FEB-819A-8F6BF151B8E2}.Debug|Any CPU.Build.0 = Debug|Any CPU
		{A853AB44-6BB1-4FEB-819A-8F6BF151B8E2}.Release|Any CPU.ActiveCfg = Release|Any CPU
		{A853AB44-6BB1-4FEB-819A-8F6BF151B8E2}.Release|Any CPU.Build.0 = Release|Any CPU
		{6538A2BE-D64E-4675-8F11-9FB9706CB1D0}.Debug|Any CPU.ActiveCfg = Debug|Any CPU
		{6538A2BE-D64E-4675-8F11-9FB9706CB1D0}.Debug|Any CPU.Build.0 = Debug|Any CPU
		{6538A2BE-D64E-4675-8F11-9FB9706CB1D0}.Release|Any CPU.ActiveCfg = Release|Any CPU
		{6538A2BE-D64E-4675-8F11-9FB9706CB1D0}.Release|Any CPU.Build.0 = Release|Any CPU
	EndGlobalSection
	GlobalSection(SolutionProperties) = preSolution
		HideSolutionNode = FALSE
	EndGlobalSection
	GlobalSection(ExtensibilityGlobals) = postSolution
		SolutionGuid = {DF5EF4DD-88A9-4F5E-ABBB-33E103A7FD25}
	EndGlobalSection
EndGlobal
